
Microsoft Visual Studio Solution File, Format Version 12.00
# Visual Studio Version 17
VisualStudioVersion = 17.9.34701.34
MinimumVisualStudioVersion = 10.0.40219.1
Project("{9A19103F-16F7-4668-BE54-9A1E7A4F7556}") = "Project_Hotel", "Project_Hotel\Project_Hotel.csproj", "{49F8A411-5F56-4A83-8DA8-F9230FEB5102}"
EndProject
Project("{9A19103F-16F7-4668-BE54-9A1E7A4F7556}") = "Hotel_Interface", "Hotel_Interface\Hotel_Interface.csproj", "{5A6A4F92-F1BE-449B-876F-776A6B75D4A0}"
EndProject
Global
	GlobalSection(SolutionConfigurationPlatforms) = preSolution
		Debug|Any CPU = Debug|Any CPU
		Release|Any CPU = Release|Any CPU
	EndGlobalSection
	GlobalSection(ProjectConfigurationPlatforms) = postSolution
		{49F8A411-5F56-4A83-8DA8-F9230FEB5102}.Debug|Any CPU.ActiveCfg = Debug|Any CPU
		{49F8A411-5F56-4A83-8DA8-F9230FEB5102}.Debug|Any CPU.Build.0 = Debug|Any CPU
		{49F8A411-5F56-4A83-8DA8-F9230FEB5102}.Release|Any CPU.ActiveCfg = Release|Any CPU
		{49F8A411-5F56-4A83-8DA8-F9230FEB5102}.Release|Any CPU.Build.0 = Release|Any CPU
		{5A6A4F92-F1BE-449B-876F-776A6B75D4A0}.Debug|Any CPU.ActiveCfg = Debug|Any CPU
		{5A6A4F92-F1BE-449B-876F-776A6B75D4A0}.Debug|Any CPU.Build.0 = Debug|Any CPU
		{5A6A4F92-F1BE-449B-876F-776A6B75D4A0}.Release|Any CPU.ActiveCfg = Release|Any CPU
		{5A6A4F92-F1BE-449B-876F-776A6B75D4A0}.Release|Any CPU.Build.0 = Release|Any CPU
	EndGlobalSection
	GlobalSection(SolutionProperties) = preSolution
		HideSolutionNode = FALSE
	EndGlobalSection
	GlobalSection(ExtensibilityGlobals) = postSolution
		SolutionGuid = {FAA3CB61-E0B4-4A5C-A06A-CAAC9EB52C2C}
	EndGlobalSection
EndGlobal
